
Microsoft Visual Studio Solution File, Format Version 12.00
# Visual Studio 2012
Project("{8BC9CEB8-8B4A-11D0-8D11-00A0C91BC942}") = "ReadCollada", "ReadCollada\ReadCollada.vcxproj", "{BEF696DC-2E08-4AC1-BCC3-7C587C7A72A7}"
EndProject
Global
	GlobalSection(SolutionConfigurationPlatforms) = preSolution
		Debug|Win32 = Debug|Win32
		Release|Win32 = Release|Win32
	EndGlobalSection
	GlobalSection(ProjectConfigurationPlatforms) = postSolution
		{BEF696DC-2E08-4AC1-BCC3-7C587C7A72A7}.Debug|Win32.ActiveCfg = Debug|Win32
		{BEF696DC-2E08-4AC1-BCC3-7C587C7A72A7}.Debug|Win32.Build.0 = Debug|Win32
		{BEF696DC-2E08-4AC1-BCC3-7C587C7A72A7}.Release|Win32.ActiveCfg = Release|Win32
		{BEF696DC-2E08-4AC1-BCC3-7C587C7A72A7}.Release|Win32.Build.0 = Release|Win32
	EndGlobalSection
	GlobalSection(SolutionProperties) = preSolution
		HideSolutionNode = FALSE
	EndGlobalSection
EndGlobal
